
Microsoft Visual Studio Solution File, Format Version 12.00
# Visual Studio Version 17
VisualStudioVersion = 17.12.35527.113
MinimumVisualStudioVersion = 10.0.40219.1
Project("{C9674DCB-5085-4A16-B785-4C70DD1589BD}") = "Hancock_Brittany_IT420_Project", "Hancock_Brittany_IT420_Project\Hancock_Brittany_IT420_Project.dtproj", "{B698C249-E8A4-4B84-B292-DF1C3C8AD7EE}"
EndProject
Project("{2150E333-8FDC-42A3-9474-1A3956D46DE8}") = "Solution Items", "Solution Items", "{7C253597-6041-4692-BD14-59BBC761E4F0}"
	ProjectSection(SolutionItems) = preProject
		README.md = README.md
	EndProjectSection
EndProject
Global
	GlobalSection(SolutionConfigurationPlatforms) = preSolution
		Development|Default = Development|Default
	EndGlobalSection
	GlobalSection(ProjectConfigurationPlatforms) = postSolution
		{B698C249-E8A4-4B84-B292-DF1C3C8AD7EE}.Development|Default.ActiveCfg = Development
		{B698C249-E8A4-4B84-B292-DF1C3C8AD7EE}.Development|Default.Build.0 = Development
	EndGlobalSection
	GlobalSection(SolutionProperties) = preSolution
		HideSolutionNode = FALSE
	EndGlobalSection
EndGlobal
